
Microsoft Visual Studio Solution File, Format Version 11.00
# Visual Studio 2010
Project("{FAE04EC0-301F-11D3-BF4B-00C04F79EFBC}") = "Zippy.Chirp.TestApp", "Zippy.Chirp.TestApp\Zippy.Chirp.TestApp.csproj", "{C1702BF4-046F-4DE0-A0FF-C98646311BD7}"
EndProject
Project("{FAE04EC0-301F-11D3-BF4B-00C04F79EFBC}") = "Zippy.Chirp.Integration", "Zippy.Chirp.Integration\Zippy.Chirp.Integration.csproj", "{78C9D342-E8AD-4024-979B-0175D13ACF46}"
EndProject
Project("{2150E333-8FDC-42A3-9474-1A3956D46DE8}") = "Solution Items", "Solution Items", "{70DE3D88-7457-4696-ABE1-1C94C24F5DA6}"
EndProject
Project("{FAE04EC0-301F-11D3-BF4B-00C04F79EFBC}") = "T4MVCTest", "T4MVCTest\T4MVCTest.csproj", "{23F26028-B375-4D3F-873B-435037ABA08F}"
EndProject
Global
	GlobalSection(SolutionConfigurationPlatforms) = preSolution
		Debug|Any CPU = Debug|Any CPU
		Release|Any CPU = Release|Any CPU
	EndGlobalSection
	GlobalSection(ProjectConfigurationPlatforms) = postSolution
		{C1702BF4-046F-4DE0-A0FF-C98646311BD7}.Debug|Any CPU.ActiveCfg = Debug|Any CPU
		{C1702BF4-046F-4DE0-A0FF-C98646311BD7}.Debug|Any CPU.Build.0 = Debug|Any CPU
		{C1702BF4-046F-4DE0-A0FF-C98646311BD7}.Release|Any CPU.ActiveCfg = Release|Any CPU
		{C1702BF4-046F-4DE0-A0FF-C98646311BD7}.Release|Any CPU.Build.0 = Release|Any CPU
		{78C9D342-E8AD-4024-979B-0175D13ACF46}.Debug|Any CPU.ActiveCfg = Debug|Any CPU
		{78C9D342-E8AD-4024-979B-0175D13ACF46}.Debug|Any CPU.Build.0 = Debug|Any CPU
		{78C9D342-E8AD-4024-979B-0175D13ACF46}.Release|Any CPU.ActiveCfg = Release|Any CPU
		{78C9D342-E8AD-4024-979B-0175D13ACF46}.Release|Any CPU.Build.0 = Release|Any CPU
		{23F26028-B375-4D3F-873B-435037ABA08F}.Debug|Any CPU.ActiveCfg = Debug|Any CPU
		{23F26028-B375-4D3F-873B-435037ABA08F}.Debug|Any CPU.Build.0 = Debug|Any CPU
		{23F26028-B375-4D3F-873B-435037ABA08F}.Release|Any CPU.ActiveCfg = Release|Any CPU
		{23F26028-B375-4D3F-873B-435037ABA08F}.Release|Any CPU.Build.0 = Release|Any CPU
	EndGlobalSection
	GlobalSection(SolutionProperties) = preSolution
		HideSolutionNode = FALSE
	EndGlobalSection
EndGlobal
